{
  "object": {
    "pins": [
      {
        "package": "SMTPKitten",
        "repositoryURL": "https://github.com/autimatisering/SMTPKitten.git",
        "state": {
          "branch": null,
          "revision": "b26bb3f0928d9463431431866691efe625b7e106",
          "version": "0.1.5"
        }
      },
      {
        "package": "vapor",
        "repositoryURL": "https://github.com/vapor/vapor.git",
        "state": {
          "branch": null,
          "revision": "29f5370b119593083674a4f7e6795ac2f4d884ef",
          "version": "4.32.0"
        }
      }
    ]
  },
  "version": 1
}
